# THIS IS AN AUTOGENERATED FILE. DO NOT EDIT THIS FILE DIRECTLY.
# yarn lockfile v1


"@netsells/eslint-plugin-netsells@^1.0.0":
  version "1.0.0"
  resolved "https://registry.yarnpkg.com/@netsells/eslint-plugin-netsells/-/eslint-plugin-netsells-1.0.0.tgz#1c081b6f9b9ed7f40421d5bbb6bd660e069fb2a3"
  integrity sha512-CMjB4tYD3CjpZqdx5tBVpp7KZdpBHQxgfQ7/Acgn736eb533t9c/MQsH+TdviUw7jzlI9m44I5/tRl/H99qoqg==
